// !$*UTF8*$!
{
	archiveVersion = 1;
	classes = {
	};
	objectVersion = 50;
	objects = {

/* Begin PBXBuildFile section */
		D233A99820B7FD340014CA38 /* AppDelegate.m in Sources */ = {isa = PBXBuildFile; fileRef = D233A99720B7FD340014CA38 /* AppDelegate.m */; };
		D233A99B20B7FD340014CA38 /* ViewController.m in Sources */ = {isa = PBXBuildFile; fileRef = D233A99A20B7FD340014CA38 /* ViewController.m */; };
		D233A99E20B7FD340014CA38 /* Main.storyboard in Resources */ = {isa = PBXBuildFile; fileRef = D233A99C20B7FD340014CA38 /* Main.storyboard */; };
		D233A9A020B7FD390014CA38 /* Assets.xcassets in Resources */ = {isa = PBXBuildFile; fileRef = D233A99F20B7FD390014CA38 /* Assets.xcassets */; };
		D233A9A320B7FD390014CA38 /* LaunchScreen.storyboard in Resources */ = {isa = PBXBuildFile; fileRef = D233A9A120B7FD390014CA38 /* LaunchScreen.storyboard */; };
		D233A9A620B7FD390014CA38 /* main.m in Sources */ = {isa = PBXBuildFile; fileRef = D233A9A520B7FD390014CA38 /* main.m */; };
		D233A9B020B7FD390014CA38 /* GitVersionControlDemoTests.m in Sources */ = {isa = PBXBuildFile; fileRef = D233A9AF20B7FD390014CA38 /* GitVersionControlDemoTests.m */; };
		D233A9BB20B7FD390014CA38 /* GitVersionControlDemoUITests.m in Sources */ = {isa = PBXBuildFile; fileRef = D233A9BA20B7FD390014CA38 /* GitVersionControlDemoUITests.m */; };
/* End PBXBuildFile section */

/* Begin PBXContainerItemProxy section */
		D233A9AC20B7FD390014CA38 /* PBXContainerItemProxy */ = {
			isa = PBXContainerItemProxy;
			containerPortal = D233A98B20B7FD340014CA38 /* Project object */;
			proxyType = 1;
			remoteGlobalIDString = D233A99220B7FD340014CA38;
			remoteInfo = GitVersionControlDemo;
		};
		D233A9B720B7FD390014CA38 /* PBXContainerItemProxy */ = {
			isa = PBXContainerItemProxy;
			containerPortal = D233A98B20B7FD340014CA38 /* Project object */;
			proxyType = 1;
			remoteGlobalIDString = D233A99220B7FD340014CA38;
			remoteInfo = GitVersionControlDemo;
		};
/* End PBXContainerItemProxy section */

/* Begin PBXFileReference section */
		D233A99320B7FD340014CA38 /* GitVersionControlDemo.app */ = {isa = PBXFileReference; explicitFileType = wrapper.application; includeInIndex = 0; path = GitVersionControlDemo.app; sourceTree = BUILT_PRODUCTS_DIR; };
		D233A99620B7FD340014CA38 /* AppDelegate.h */ = {isa = PBXFileReference; lastKnownFileType = sourcecode.c.h; path = AppDelegate.h; sourceTree = "<group>"; };
		D233A99720B7FD340014CA38 /* AppDelegate.m */ = {isa = PBXFileReference; lastKnownFileType = sourcecode.c.objc; path = AppDelegate.m; sourceTree = "<group>"; };
		D233A99920B7FD340014CA38 /* ViewController.h */ = {isa = PBXFileReference; lastKnownFileType = sourcecode.c.h; path = ViewController.h; sourceTree = "<group>"; };
		D233A99A20B7FD340014CA38 /* ViewController.m */ = {isa = PBXFileReference; lastKnownFileType = sourcecode.c.objc; path = ViewController.m; sourceTree = "<group>"; };
		D233A99D20B7FD340014CA38 /* Base */ = {isa = PBXFileReference; lastKnownFileType = file.storyboard; name = Base; path = Base.lproj/Main.storyboard; sourceTree = "<group>"; };
		D233A99F20B7FD390014CA38 /* Assets.xcassets */ = {isa = PBXFileReference; lastKnownFileType = folder.assetcatalog; path = Assets.xcassets; sourceTree = "<group>"; };
		D233A9A220B7FD390014CA38 /* Base */ = {isa = PBXFileReference; lastKnownFileType = file.storyboard; name = Base; path = Base.lproj/LaunchScreen.storyboard; sourceTree = "<group>"; };
		D233A9A420B7FD390014CA38 /* Info.plist */ = {isa = PBXFileReference; lastKnownFileType = text.plist.xml; path = Info.plist; sourceTree = "<group>"; };
		D233A9A520B7FD390014CA38 /* main.m */ = {isa = PBXFileReference; lastKnownFileType = sourcecode.c.objc; path = main.m; sourceTree = "<group>"; };
		D233A9AB20B7FD390014CA38 /* GitVersionControlDemoTests.xctest */ = {isa = PBXFileReference; explicitFileType = wrapper.cfbundle; includeInIndex = 0; path = GitVersionControlDemoTests.xctest; sourceTree = BUILT_PRODUCTS_DIR; };
		D233A9AF20B7FD390014CA38 /* GitVersionControlDemoTests.m */ = {isa = PBXFileReference; lastKnownFileType = sourcecode.c.objc; path = GitVersionControlDemoTests.m; sourceTree = "<group>"; };
		D233A9B120B7FD390014CA38 /* Info.plist */ = {isa = PBXFileReference; lastKnownFileType = text.plist.xml; path = Info.plist; sourceTree = "<group>"; };
		D233A9B620B7FD390014CA38 /* GitVersionControlDemoUITests.xctest */ = {isa = PBXFileReference; explicitFileType = wrapper.cfbundle; includeInIndex = 0; path = GitVersionControlDemoUITests.xctest; sourceTree = BUILT_PRODUCTS_DIR; };
		D233A9BA20B7FD390014CA38 /* GitVersionControlDemoUITests.m */ = {isa = PBXFileReference; lastKnownFileType = sourcecode.c.objc; path = GitVersionControlDemoUITests.m; sourceTree = "<group>"; };
		D233A9BC20B7FD390014CA38 /* Info.plist */ = {isa = PBXFileReference; lastKnownFileType = text.plist.xml; path = Info.plist; sourceTree = "<group>"; };
/* End PBXFileReference section */

/* Begin PBXFrameworksBuildPhase section */
		D233A99020B7FD340014CA38 /* Frameworks */ = {
			isa = PBXFrameworksBuildPhase;
			buildActionMask = 2147483647;
			files = (
			);
			runOnlyForDeploymentPostprocessing = 0;
		};
		D233A9A820B7FD390014CA38 /* Frameworks */ = {
			isa = PBXFrameworksBuildPhase;
			buildActionMask = 2147483647;
			files = (
			);
			runOnlyForDeploymentPostprocessing = 0;
		};
		D233A9B320B7FD390014CA38 /* Frameworks */ = {
			isa = PBXFrameworksBuildPhase;
			buildActionMask = 2147483647;
			files = (
			);
			runOnlyForDeploymentPostprocessing = 0;
		};
/* End PBXFrameworksBuildPhase section */

/* Begin PBXGroup section */
		D233A98A20B7FD340014CA38 = {
			isa = PBXGroup;
			children = (
				D233A99520B7FD340014CA38 /* GitVersionControlDemo */,
				D233A9AE20B7FD390014CA38 /* GitVersionControlDemoTests */,
				D233A9B920B7FD390014CA38 /* GitVersionControlDemoUITests */,
				D233A99420B7FD340014CA38 /* Products */,
			);
			sourceTree = "<group>";
		};
		D233A99420B7FD340014CA38 /* Products */ = {
			isa = PBXGroup;
			children = (
				D233A99320B7FD340014CA38 /* GitVersionControlDemo.app */,
				D233A9AB20B7FD390014CA38 /* GitVersionControlDemoTests.xctest */,
				D233A9B620B7FD390014CA38 /* GitVersionControlDemoUITests.xctest */,
			);
			name = Products;
			sourceTree = "<group>";
		};
		D233A99520B7FD340014CA38 /* GitVersionControlDemo */ = {
			isa = PBXGroup;
			children = (
				D233A99620B7FD340014CA38 /* AppDelegate.h */,
				D233A99720B7FD340014CA38 /* AppDelegate.m */,
				D233A99920B7FD340014CA38 /* ViewController.h */,
				D233A99A20B7FD340014CA38 /* ViewController.m */,
				D233A99C20B7FD340014CA38 /* Main.storyboard */,
				D233A99F20B7FD390014CA38 /* Assets.xcassets */,
				D233A9A120B7FD390014CA38 /* LaunchScreen.storyboard */,
				D233A9A420B7FD390014CA38 /* Info.plist */,
				D233A9A520B7FD390014CA38 /* main.m */,
			);
			path = GitVersionControlDemo;
			sourceTree = "<group>";
		};
		D233A9AE20B7FD390014CA38 /* GitVersionControlDemoTests */ = {
			isa = PBXGroup;
			children = (
				D233A9AF20B7FD390014CA38 /* GitVersionControlDemoTests.m */,
				D233A9B120B7FD390014CA38 /* Info.plist */,
			);
			path = GitVersionControlDemoTests;
			sourceTree = "<group>";
		};
		D233A9B920B7FD390014CA38 /* GitVersionControlDemoUITests */ = {
			isa = PBXGroup;
			children = (
				D233A9BA20B7FD390014CA38 /* GitVersionControlDemoUITests.m */,
				D233A9BC20B7FD390014CA38 /* Info.plist */,
			);
			path = GitVersionControlDemoUITests;
			sourceTree = "<group>";
		};
/* End PBXGroup section */

/* Begin PBXNativeTarget section */
		D233A99220B7FD340014CA38 /* GitVersionControlDemo */ = {
			isa = PBXNativeTarget;
			buildConfigurationList = D233A9BF20B7FD390014CA38 /* Build configuration list for PBXNativeTarget "GitVersionControlDemo" */;
			buildPhases = (
				D233A98F20B7FD340014CA38 /* Sources */,
				D233A99020B7FD340014CA38 /* Frameworks */,
				D233A99120B7FD340014CA38 /* Resources */,
			);
			buildRules = (
			);
			dependencies = (
			);
			name = GitVersionControlDemo;
			productName = GitVersionControlDemo;
			productReference = D233A99320B7FD340014CA38 /* GitVersionControlDemo.app */;
			productType = "com.apple.product-type.application";
		};
		D233A9AA20B7FD390014CA38 /* GitVersionControlDemoTests */ = {
			isa = PBXNativeTarget;
			buildConfigurationList = D233A9C220B7FD390014CA38 /* Build configuration list for PBXNativeTarget "GitVersionControlDemoTests" */;
			buildPhases = (
				D233A9A720B7FD390014CA38 /* Sources */,
				D233A9A820B7FD390014CA38 /* Frameworks */,
				D233A9A920B7FD390014CA38 /* Resources */,
			);
			buildRules = (
			);
			dependencies = (
				D233A9AD20B7FD390014CA38 /* PBXTargetDependency */,
			);
			name = GitVersionControlDemoTests;
			productName = GitVersionControlDemoTests;
			productReference = D233A9AB20B7FD390014CA38 /* GitVersionControlDemoTests.xctest */;
			productType = "com.apple.product-type.bundle.unit-test";
		};
		D233A9B520B7FD390014CA38 /* GitVersionControlDemoUITests */ = {
			isa = PBXNativeTarget;
			buildConfigurationList = D233A9C520B7FD390014CA38 /* Build configuration list for PBXNativeTarget "GitVersionControlDemoUITests" */;
			buildPhases = (
				D233A9B220B7FD390014CA38 /* Sources */,
				D233A9B320B7FD390014CA38 /* Frameworks */,
				D233A9B420B7FD390014CA38 /* Resources */,
			);
			buildRules = (
			);
			dependencies = (
				D233A9B820B7FD390014CA38 /* PBXTargetDependency */,
			);
			name = GitVersionControlDemoUITests;
			productName = GitVersionControlDemoUITests;
			productReference = D233A9B620B7FD390014CA38 /* GitVersionControlDemoUITests.xctest */;
			productType = "com.apple.product-type.bundle.ui-testing";
		};
/* End PBXNativeTarget section */

/* Begin PBXProject section */
		D233A98B20B7FD340014CA38 /* Project object */ = {
			isa = PBXProject;
			attributes = {
				LastUpgradeCheck = 0930;
				ORGANIZATIONNAME = "心动文学";
				TargetAttributes = {
					D233A99220B7FD340014CA38 = {
						CreatedOnToolsVersion = 9.3;
					};
					D233A9AA20B7FD390014CA38 = {
						CreatedOnToolsVersion = 9.3;
						TestTargetID = D233A99220B7FD340014CA38;
					};
					D233A9B520B7FD390014CA38 = {
						CreatedOnToolsVersion = 9.3;
						TestTargetID = D233A99220B7FD340014CA38;
					};
				};
			};
			buildConfigurationList = D233A98E20B7FD340014CA38 /* Build configuration list for PBXProject "GitVersionControlDemo" */;
			compatibilityVersion = "Xcode 9.3";
			developmentRegion = en;
			hasScannedForEncodings = 0;
			knownRegions = (
				en,
				Base,
			);
			mainGroup = D233A98A20B7FD340014CA38;
			productRefGroup = D233A99420B7FD340014CA38 /* Products */;
			projectDirPath = "";
			projectRoot = "";
			targets = (
				D233A99220B7FD340014CA38 /* GitVersionControlDemo */,
				D233A9AA20B7FD390014CA38 /* GitVersionControlDemoTests */,
				D233A9B520B7FD390014CA38 /* GitVersionControlDemoUITests */,
			);
		};
/* End PBXProject section */

/* Begin PBXResourcesBuildPhase section */
		D233A99120B7FD340014CA38 /* Resources */ = {
			isa = PBXResourcesBuildPhase;
			buildActionMask = 2147483647;
			files = (
				D233A9A320B7FD390014CA38 /* LaunchScreen.storyboard in Resources */,
				D233A9A020B7FD390014CA38 /* Assets.xcassets in Resources */,
				D233A99E20B7FD340014CA38 /* Main.storyboard in Resources */,
			);
			runOnlyForDeploymentPostprocessing = 0;
		};
		D233A9A920B7FD390014CA38 /* Resources */ = {
			isa = PBXResourcesBuildPhase;
			buildActionMask = 2147483647;
			files = (
			);
			runOnlyForDeploymentPostprocessing = 0;
		};
		D233A9B420B7FD390014CA38 /* Resources */ = {
			isa = PBXResourcesBuildPhase;
			buildActionMask = 2147483647;
			files = (
			);
			runOnlyForDeploymentPostprocessing = 0;
		};
/* End PBXResourcesBuildPhase section */

/* Begin PBXSourcesBuildPhase section */
		D233A98F20B7FD340014CA38 /* Sources */ = {
			isa = PBXSourcesBuildPhase;
			buildActionMask = 2147483647;
			files = (
				D233A99B20B7FD340014CA38 /* ViewController.m in Sources */,
				D233A9A620B7FD390014CA38 /* main.m in Sources */,
				D233A99820B7FD340014CA38 /* AppDelegate.m in Sources */,
			);
			runOnlyForDeploymentPostprocessing = 0;
		};
		D233A9A720B7FD390014CA38 /* Sources */ = {
			isa = PBXSourcesBuildPhase;
			buildActionMask = 2147483647;
			files = (
				D233A9B020B7FD390014CA38 /* GitVersionControlDemoTests.m in Sources */,
			);
			runOnlyForDeploymentPostprocessing = 0;
		};
		D233A9B220B7FD390014CA38 /* Sources */ = {
			isa = PBXSourcesBuildPhase;
			buildActionMask = 2147483647;
			files = (
				D233A9BB20B7FD390014CA38 /* GitVersionControlDemoUITests.m in Sources */,
			);
			runOnlyForDeploymentPostprocessing = 0;
		};
/* End PBXSourcesBuildPhase section */

/* Begin PBXTargetDependency section */
		D233A9AD20B7FD390014CA38 /* PBXTargetDependency */ = {
			isa = PBXTargetDependency;
			target = D233A99220B7FD340014CA38 /* GitVersionControlDemo */;
			targetProxy = D233A9AC20B7FD390014CA38 /* PBXContainerItemProxy */;
		};
		D233A9B820B7FD390014CA38 /* PBXTargetDependency */ = {
			isa = PBXTargetDependency;
			target = D233A99220B7FD340014CA38 /* GitVersionControlDemo */;
			targetProxy = D233A9B720B7FD390014CA38 /* PBXContainerItemProxy */;
		};
/* End PBXTargetDependency section */

/* Begin PBXVariantGroup section */
		D233A99C20B7FD340014CA38 /* Main.storyboard */ = {
			isa = PBXVariantGroup;
			children = (
				D233A99D20B7FD340014CA38 /* Base */,
			);
			name = Main.storyboard;
			sourceTree = "<group>";
		};
		D233A9A120B7FD390014CA38 /* LaunchScreen.storyboard */ = {
			isa = PBXVariantGroup;
			children = (
				D233A9A220B7FD390014CA38 /* Base */,
			);
			name = LaunchScreen.storyboard;
			sourceTree = "<group>";
		};
/* End PBXVariantGroup section */

/* Begin XCBuildConfiguration section */
		D233A9BD20B7FD390014CA38 /* Debug */ = {
			isa = XCBuildConfiguration;
			buildSettings = {
				ALWAYS_SEARCH_USER_PATHS = NO;
				CLANG_ANALYZER_NONNULL = YES;
				CLANG_ANALYZER_NUMBER_OBJECT_CONVERSION = YES_AGGRESSIVE;
				CLANG_CXX_LANGUAGE_STANDARD = "gnu++14";
				CLANG_CXX_LIBRARY = "libc++";
				CLANG_ENABLE_MODULES = YES;
				CLANG_ENABLE_OBJC_ARC = YES;
				CLANG_ENABLE_OBJC_WEAK = YES;
				CLANG_WARN_BLOCK_CAPTURE_AUTORELEASING = YES;
				CLANG_WARN_BOOL_CONVERSION = YES;
				CLANG_WARN_COMMA = YES;
				CLANG_WARN_CONSTANT_CONVERSION = YES;
				CLANG_WARN_DEPRECATED_OBJC_IMPLEMENTATIONS = YES;
				CLANG_WARN_DIRECT_OBJC_ISA_USAGE = YES_ERROR;
				CLANG_WARN_DOCUMENTATION_COMMENTS = YES;
				CLANG_WARN_EMPTY_BODY = YES;
				CLANG_WARN_ENUM_CONVERSION = YES;
				CLANG_WARN_INFINITE_RECURSION = YES;
				CLANG_WARN_INT_CONVERSION = YES;
				CLANG_WARN_NON_LITERAL_NULL_CONVERSION = YES;
				CLANG_WARN_OBJC_IMPLICIT_RETAIN_SELF = YES;
				CLANG_WARN_OBJC_LITERAL_CONVERSION = YES;
				CLANG_WARN_OBJC_ROOT_CLASS = YES_ERROR;
				CLANG_WARN_RANGE_LOOP_ANALYSIS = YES;
				CLANG_WARN_STRICT_PROTOTYPES = YES;
				CLANG_WARN_SUSPICIOUS_MOVE = YES;
				CLANG_WARN_UNGUARDED_AVAILABILITY = YES_AGGRESSIVE;
				CLANG_WARN_UNREACHABLE_CODE = YES;
				CLANG_WARN__DUPLICATE_METHOD_MATCH = YES;
				CODE_SIGN_IDENTITY = "iPhone Developer";
				COPY_PHASE_STRIP = NO;
				DEBUG_INFORMATION_FORMAT = dwarf;
				ENABLE_STRICT_OBJC_MSGSEND = YES;
				ENABLE_TESTABILITY = YES;
				GCC_C_LANGUAGE_STANDARD = gnu11;
				GCC_DYNAMIC_NO_PIC = NO;
				GCC_NO_COMMON_BLOCKS = YES;
				GCC_OPTIMIZATION_LEVEL = 0;
				GCC_PREPROCESSOR_DEFINITIONS = (
					"DEBUG=1",
					"$(inherited)",
				);
				GCC_WARN_64_TO_32_BIT_CONVERSION = YES;
				GCC_WARN_ABOUT_RETURN_TYPE = YES_ERROR;
				GCC_WARN_UNDECLARED_SELECTOR = YES;
				GCC_WARN_UNINITIALIZED_AUTOS = YES_AGGRESSIVE;
				GCC_WARN_UNUSED_FUNCTION = YES;
				GCC_WARN_UNUSED_VARIABLE = YES;
				IPHONEOS_DEPLOYMENT_TARGET = 11.3;
				MTL_ENABLE_DEBUG_INFO = YES;
				ONLY_ACTIVE_ARCH = YES;
				SDKROOT = iphoneos;
			};
			name = Debug;
		};
		D233A9BE20B7FD390014CA38 /* Release */ = {
			isa = XCBuildConfiguration;
			buildSettings = {
				ALWAYS_SEARCH_USER_PATHS = NO;
				CLANG_ANALYZER_NONNULL = YES;
				CLANG_ANALYZER_NUMBER_OBJECT_CONVERSION = YES_AGGRESSIVE;
				CLANG_CXX_LANGUAGE_STANDARD = "gnu++14";
				CLANG_CXX_LIBRARY = "libc++";
				CLANG_ENABLE_MODULES = YES;
				CLANG_ENABLE_OBJC_ARC = YES;
				CLANG_ENABLE_OBJC_WEAK = YES;
				CLANG_WARN_BLOCK_CAPTURE_AUTORELEASING = YES;
				CLANG_WARN_BOOL_CONVERSION = YES;
				CLANG_WARN_COMMA = YES;
				CLANG_WARN_CONSTANT_CONVERSION = YES;
				CLANG_WARN_DEPRECATED_OBJC_IMPLEMENTATIONS = YES;
				CLANG_WARN_DIRECT_OBJC_ISA_USAGE = YES_ERROR;
				CLANG_WARN_DOCUMENTATION_COMMENTS = YES;
				CLANG_WARN_EMPTY_BODY = YES;
				CLANG_WARN_ENUM_CONVERSION = YES;
				CLANG_WARN_INFINITE_RECURSION = YES;
				CLANG_WARN_INT_CONVERSION = YES;
				CLANG_WARN_NON_LITERAL_NULL_CONVERSION = YES;
				CLANG_WARN_OBJC_IMPLICIT_RETAIN_SELF = YES;
				CLANG_WARN_OBJC_LITERAL_CONVERSION = YES;
				CLANG_WARN_OBJC_ROOT_CLASS = YES_ERROR;
				CLANG_WARN_RANGE_LOOP_ANALYSIS = YES;
				CLANG_WARN_STRICT_PROTOTYPES = YES;
				CLANG_WARN_SUSPICIOUS_MOVE = YES;
				CLANG_WARN_UNGUARDED_AVAILABILITY = YES_AGGRESSIVE;
				CLANG_WARN_UNREACHABLE_CODE = YES;
				CLANG_WARN__DUPLICATE_METHOD_MATCH = YES;
				CODE_SIGN_IDENTITY = "iPhone Developer";
				COPY_PHASE_STRIP = NO;
				DEBUG_INFORMATION_FORMAT = "dwarf-with-dsym";
				ENABLE_NS_ASSERTIONS = NO;
				ENABLE_STRICT_OBJC_MSGSEND = YES;
				GCC_C_LANGUAGE_STANDARD = gnu11;
				GCC_NO_COMMON_BLOCKS = YES;
				GCC_WARN_64_TO_32_BIT_CONVERSION = YES;
				GCC_WARN_ABOUT_RETURN_TYPE = YES_ERROR;
				GCC_WARN_UNDECLARED_SELECTOR = YES;
				GCC_WARN_UNINITIALIZED_AUTOS = YES_AGGRESSIVE;
				GCC_WARN_UNUSED_FUNCTION = YES;
				GCC_WARN_UNUSED_VARIABLE = YES;
				IPHONEOS_DEPLOYMENT_TARGET = 11.3;
				MTL_ENABLE_DEBUG_INFO = NO;
				SDKROOT = iphoneos;
				VALIDATE_PRODUCT = YES;
			};
			name = Release;
		};
		D233A9C020B7FD390014CA38 /* Debug */ = {
			isa = XCBuildConfiguration;
			buildSettings = {
				ASSETCATALOG_COMPILER_APPICON_NAME = AppIcon;
				CODE_SIGN_STYLE = Automatic;
				DEVELOPMENT_TEAM = DX6QA78BRU;
				INFOPLIST_FILE = GitVersionControlDemo/Info.plist;
				LD_RUNPATH_SEARCH_PATHS = (
					"$(inherited)",
					"@executable_path/Frameworks",
				);
				PRODUCT_BUNDLE_IDENTIFIER = com.xindongwenxue.GitVersionControlDemo;
				PRODUCT_NAME = "$(TARGET_NAME)";
				TARGETED_DEVICE_FAMILY = "1,2";
			};
			name = Debug;
		};
		D233A9C120B7FD390014CA38 /* Release */ = {
			isa = XCBuildConfiguration;
			buildSettings = {
				ASSETCATALOG_COMPILER_APPICON_NAME = AppIcon;
				CODE_SIGN_STYLE = Automatic;
				DEVELOPMENT_TEAM = DX6QA78BRU;
				INFOPLIST_FILE = GitVersionControlDemo/Info.plist;
				LD_RUNPATH_SEARCH_PATHS = (
					"$(inherited)",
					"@executable_path/Frameworks",
				);
				PRODUCT_BUNDLE_IDENTIFIER = com.xindongwenxue.GitVersionControlDemo;
				PRODUCT_NAME = "$(TARGET_NAME)";
				TARGETED_DEVICE_FAMILY = "1,2";
			};
			name = Release;
		};
		D233A9C320B7FD390014CA38 /* Debug */ = {
			isa = XCBuildConfiguration;
			buildSettings = {
				BUNDLE_LOADER = "$(TEST_HOST)";
				CODE_SIGN_STYLE = Automatic;
				INFOPLIST_FILE = GitVersionControlDemoTests/Info.plist;
				LD_RUNPATH_SEARCH_PATHS = (
					"$(inherited)",
					"@executable_path/Frameworks",
					"@loader_path/Frameworks",
				);
				PRODUCT_BUNDLE_IDENTIFIER = com.xindongwenxue.GitVersionControlDemoTests;
				PRODUCT_NAME = "$(TARGET_NAME)";
				TARGETED_DEVICE_FAMILY = "1,2";
				TEST_HOST = "$(BUILT_PRODUCTS_DIR)/GitVersionControlDemo.app/GitVersionControlDemo";
			};
			name = Debug;
		};
		D233A9C420B7FD390014CA38 /* Release */ = {
			isa = XCBuildConfiguration;
			buildSettings = {
				BUNDLE_LOADER = "$(TEST_HOST)";
				CODE_SIGN_STYLE = Automatic;
				INFOPLIST_FILE = GitVersionControlDemoTests/Info.plist;
				LD_RUNPATH_SEARCH_PATHS = (
					"$(inherited)",
					"@executable_path/Frameworks",
					"@loader_path/Frameworks",
				);
				PRODUCT_BUNDLE_IDENTIFIER = com.xindongwenxue.GitVersionControlDemoTests;
				PRODUCT_NAME = "$(TARGET_NAME)";
				TARGETED_DEVICE_FAMILY = "1,2";
				TEST_HOST = "$(BUILT_PRODUCTS_DIR)/GitVersionControlDemo.app/GitVersionControlDemo";
			};
			name = Release;
		};
		D233A9C620B7FD390014CA38 /* Debug */ = {
			isa = XCBuildConfiguration;
			buildSettings = {
				CODE_SIGN_STYLE = Automatic;
				INFOPLIST_FILE = GitVersionControlDemoUITests/Info.plist;
				LD_RUNPATH_SEARCH_PATHS = (
					"$(inherited)",
					"@executable_path/Frameworks",
					"@loader_path/Frameworks",
				);
				PRODUCT_BUNDLE_IDENTIFIER = com.xindongwenxue.GitVersionControlDemoUITests;
				PRODUCT_NAME = "$(TARGET_NAME)";
				TARGETED_DEVICE_FAMILY = "1,2";
				TEST_TARGET_NAME = GitVersionControlDemo;
			};
			name = Debug;
		};
		D233A9C720B7FD390014CA38 /* Release */ = {
			isa = XCBuildConfiguration;
			buildSettings = {
				CODE_SIGN_STYLE = Automatic;
				INFOPLIST_FILE = GitVersionControlDemoUITests/Info.plist;
				LD_RUNPATH_SEARCH_PATHS = (
					"$(inherited)",
					"@executable_path/Frameworks",
					"@loader_path/Frameworks",
				);
				PRODUCT_BUNDLE_IDENTIFIER = com.xindongwenxue.GitVersionControlDemoUITests;
				PRODUCT_NAME = "$(TARGET_NAME)";
				TARGETED_DEVICE_FAMILY = "1,2";
				TEST_TARGET_NAME = GitVersionControlDemo;
			};
			name = Release;
		};
/* End XCBuildConfiguration section */

/* Begin XCConfigurationList section */
		D233A98E20B7FD340014CA38 /* Build configuration list for PBXProject "GitVersionControlDemo" */ = {
			isa = XCConfigurationList;
			buildConfigurations = (
				D233A9BD20B7FD390014CA38 /* Debug */,
				D233A9BE20B7FD390014CA38 /* Release */,
			);
			defaultConfigurationIsVisible = 0;
			defaultConfigurationName = Release;
		};
		D233A9BF20B7FD390014CA38 /* Build configuration list for PBXNativeTarget "GitVersionControlDemo" */ = {
			isa = XCConfigurationList;
			buildConfigurations = (
				D233A9C020B7FD390014CA38 /* Debug */,
				D233A9C120B7FD390014CA38 /* Release */,
			);
			defaultConfigurationIsVisible = 0;
			defaultConfigurationName = Release;
		};
		D233A9C220B7FD390014CA38 /* Build configuration list for PBXNativeTarget "GitVersionControlDemoTests" */ = {
			isa = XCConfigurationList;
			buildConfigurations = (
				D233A9C320B7FD390014CA38 /* Debug */,
				D233A9C420B7FD390014CA38 /* Release */,
			);
			defaultConfigurationIsVisible = 0;
			defaultConfigurationName = Release;
		};
		D233A9C520B7FD390014CA38 /* Build configuration list for PBXNativeTarget "GitVersionControlDemoUITests" */ = {
			isa = XCConfigurationList;
			buildConfigurations = (
				D233A9C620B7FD390014CA38 /* Debug */,
				D233A9C720B7FD390014CA38 /* Release */,
			);
			defaultConfigurationIsVisible = 0;
			defaultConfigurationName = Release;
		};
/* End XCConfigurationList section */
	};
	rootObject = D233A98B20B7FD340014CA38 /* Project object */;
}
